
Microsoft Visual Studio Solution File, Format Version 12.00
# Visual Studio 15
VisualStudioVersion = 15.0.27130.2027
MinimumVisualStudioVersion = 10.0.40219.1
Project("{FAE04EC0-301F-11D3-BF4B-00C04F79EFBC}") = "MVCGrid", "MVCGrid\MVCGrid.csproj", "{0A4439FC-78C9-44E3-9FBA-AC021EF8D2D8}"
EndProject
Global
	GlobalSection(SolutionConfigurationPlatforms) = preSolution
		Debug|Any CPU = Debug|Any CPU
		Release|Any CPU = Release|Any CPU
	EndGlobalSection
	GlobalSection(ProjectConfigurationPlatforms) = postSolution
		{0A4439FC-78C9-44E3-9FBA-AC021EF8D2D8}.Debug|Any CPU.ActiveCfg = Debug|Any CPU
		{0A4439FC-78C9-44E3-9FBA-AC021EF8D2D8}.Debug|Any CPU.Build.0 = Debug|Any CPU
		{0A4439FC-78C9-44E3-9FBA-AC021EF8D2D8}.Release|Any CPU.ActiveCfg = Release|Any CPU
		{0A4439FC-78C9-44E3-9FBA-AC021EF8D2D8}.Release|Any CPU.Build.0 = Release|Any CPU
	EndGlobalSection
	GlobalSection(SolutionProperties) = preSolution
		HideSolutionNode = FALSE
	EndGlobalSection
	GlobalSection(ExtensibilityGlobals) = postSolution
		SolutionGuid = {D046A51F-C79E-417B-9795-C723A3844461}
	EndGlobalSection
EndGlobal
